
Microsoft Visual Studio Solution File, Format Version 12.00
# Visual Studio Version 16
VisualStudioVersion = 16.0.29920.165
MinimumVisualStudioVersion = 10.0.40219.1
Project("{8BC9CEB8-8B4A-11D0-8D11-00A0C91BC942}") = "cache project", "cache project\cache project.vcxproj", "{98A6BA8A-7927-4FB6-9895-4C20040E3F66}"
EndProject
Global
	GlobalSection(SolutionConfigurationPlatforms) = preSolution
		Debug|x64 = Debug|x64
		Debug|x86 = Debug|x86
		Release|x64 = Release|x64
		Release|x86 = Release|x86
	EndGlobalSection
	GlobalSection(ProjectConfigurationPlatforms) = postSolution
		{98A6BA8A-7927-4FB6-9895-4C20040E3F66}.Debug|x64.ActiveCfg = Debug|x64
		{98A6BA8A-7927-4FB6-9895-4C20040E3F66}.Debug|x64.Build.0 = Debug|x64
		{98A6BA8A-7927-4FB6-9895-4C20040E3F66}.Debug|x86.ActiveCfg = Debug|Win32
		{98A6BA8A-7927-4FB6-9895-4C20040E3F66}.Debug|x86.Build.0 = Debug|Win32
		{98A6BA8A-7927-4FB6-9895-4C20040E3F66}.Release|x64.ActiveCfg = Release|x64
		{98A6BA8A-7927-4FB6-9895-4C20040E3F66}.Release|x64.Build.0 = Release|x64
		{98A6BA8A-7927-4FB6-9895-4C20040E3F66}.Release|x86.ActiveCfg = Release|Win32
		{98A6BA8A-7927-4FB6-9895-4C20040E3F66}.Release|x86.Build.0 = Release|Win32
	EndGlobalSection
	GlobalSection(SolutionProperties) = preSolution
		HideSolutionNode = FALSE
	EndGlobalSection
	GlobalSection(ExtensibilityGlobals) = postSolution
		SolutionGuid = {7437D9B4-A819-449D-A5CE-06A6BC91E6F0}
	EndGlobalSection
EndGlobal
